// !$*UTF8*$!
{
	archiveVersion = 1;
	classes = {
	};
	objectVersion = 46;
	objects = {

/* Begin PBXBuildFile section */
		0D0741CD1A366F0800A6D270 /* FramerBonjour.swift in Sources */ = {isa = PBXBuildFile; fileRef = 0D0741CC1A366F0800A6D270 /* FramerBonjour.swift */; };
		0D18E4271A2D8B1200337D91 /* FramelessSearchBar.swift in Sources */ = {isa = PBXBuildFile; fileRef = 0D18E4261A2D8B1200337D91 /* FramelessSearchBar.swift */; };
		0D4915AD1A29031B0018BEC6 /* PortraitOnboardingViewController.swift in Sources */ = {isa = PBXBuildFile; fileRef = 0D4915AC1A29031B0018BEC6 /* PortraitOnboardingViewController.swift */; };
		0D557D341B7402D3001117E7 /* HistoryManager.swift in Sources */ = {isa = PBXBuildFile; fileRef = 0D557D331B7402D3001117E7 /* HistoryManager.swift */; };
		0D7AEC711B6C332400C7AFEB /* HistoryEntry.swift in Sources */ = {isa = PBXBuildFile; fileRef = 0D7AEC701B6C332400C7AFEB /* HistoryEntry.swift */; };
		0D7AEC761B6FFDC700C7AFEB /* HistoryTableViewCell.swift in Sources */ = {isa = PBXBuildFile; fileRef = 0D7AEC751B6FFDC700C7AFEB /* HistoryTableViewCell.swift */; };
		0D80914D1B434012009D5562 /* SearchEngine.swift in Sources */ = {isa = PBXBuildFile; fileRef = 0D80914C1B434012009D5562 /* SearchEngine.swift */; };
		0D80914F1B43402D009D5562 /* SearchEnginesViewController.swift in Sources */ = {isa = PBXBuildFile; fileRef = 0D80914E1B43402D009D5562 /* SearchEnginesViewController.swift */; };
		0DA5BB4F19FAD12800B2FDD1 /* AppDelegate.swift in Sources */ = {isa = PBXBuildFile; fileRef = 0DA5BB4219FAD12800B2FDD1 /* AppDelegate.swift */; };
		0DA5BB5119FAD12800B2FDD1 /* Main.storyboard in Resources */ = {isa = PBXBuildFile; fileRef = 0DA5BB4519FAD12800B2FDD1 /* Main.storyboard */; };
		0DA5BB5319FAD12800B2FDD1 /* Images.xcassets in Resources */ = {isa = PBXBuildFile; fileRef = 0DA5BB4919FAD12800B2FDD1 /* Images.xcassets */; };
		0DA5BB5719FAD12800B2FDD1 /* ViewController.swift in Sources */ = {isa = PBXBuildFile; fileRef = 0DA5BB4E19FAD12800B2FDD1 /* ViewController.swift */; };
		0DA5BB6019FAD23A00B2FDD1 /* FramelessTests.swift in Sources */ = {isa = PBXBuildFile; fileRef = 0DA5BB5E19FAD23A00B2FDD1 /* FramelessTests.swift */; };
		0DA5BB6C19FC24D500B2FDD1 /* ClearSans-Bold.ttf in Resources */ = {isa = PBXBuildFile; fileRef = 0DA5BB6819FC24D500B2FDD1 /* ClearSans-Bold.ttf */; };
		0DA5BB6D19FC24D500B2FDD1 /* ClearSans-BoldItalic.ttf in Resources */ = {isa = PBXBuildFile; fileRef = 0DA5BB6919FC24D500B2FDD1 /* ClearSans-BoldItalic.ttf */; };
		0DA5BB6E19FC24D500B2FDD1 /* ClearSans-Italic.ttf in Resources */ = {isa = PBXBuildFile; fileRef = 0DA5BB6A19FC24D500B2FDD1 /* ClearSans-Italic.ttf */; };
		0DA5BB6F19FC24D500B2FDD1 /* ClearSans-Regular.ttf in Resources */ = {isa = PBXBuildFile; fileRef = 0DA5BB6B19FC24D500B2FDD1 /* ClearSans-Regular.ttf */; };
		0DA5BB7219FC25F000B2FDD1 /* Helpers.swift in Sources */ = {isa = PBXBuildFile; fileRef = 0DA5BB7119FC25F000B2FDD1 /* Helpers.swift */; };
		0DA5BB7919FC2EBF00B2FDD1 /* AppearanceBridge.m in Sources */ = {isa = PBXBuildFile; fileRef = 0DA5BB7819FC2EBF00B2FDD1 /* AppearanceBridge.m */; };
		0DA5BB9D19FC7C7000B2FDD1 /* LaunchScreen.xib in Resources */ = {isa = PBXBuildFile; fileRef = 0DA5BB9C19FC7C7000B2FDD1 /* LaunchScreen.xib */; };
		0DA5BBA019FDE2AC00B2FDD1 /* AppDefaults.swift in Sources */ = {isa = PBXBuildFile; fileRef = 0DA5BB9F19FDE2AC00B2FDD1 /* AppDefaults.swift */; };
		0DAB64421A09FDD00046287E /* SettingsTableViewController.swift in Sources */ = {isa = PBXBuildFile; fileRef = 0DAB64411A09FDD00046287E /* SettingsTableViewController.swift */; };
		0DD7EC1C1A72FC0F00BED2DC /* JSSAlertView.swift in Sources */ = {isa = PBXBuildFile; fileRef = 0DD7EC1B1A72FC0F00BED2DC /* JSSAlertView.swift */; };
		4CBAC84B197969C60DC1899B /* libPods-Frameless.a in Frameworks */ = {isa = PBXBuildFile; fileRef = 5ABAB4BA5DBE39442812DB61 /* libPods-Frameless.a */; };
/* End PBXBuildFile section */

/* Begin PBXContainerItemProxy section */
		0DA5BB3219FAD10F00B2FDD1 /* PBXContainerItemProxy */ = {
			isa = PBXContainerItemProxy;
			containerPortal = 0DA5BB1119FAD10F00B2FDD1 /* Project object */;
			proxyType = 1;
			remoteGlobalIDString = 0DA5BB1819FAD10F00B2FDD1;
			remoteInfo = Frameless;
		};
/* End PBXContainerItemProxy section */

/* Begin PBXFileReference section */
		0D0741CC1A366F0800A6D270 /* FramerBonjour.swift */ = {isa = PBXFileReference; fileEncoding = 4; lastKnownFileType = sourcecode.swift; path = FramerBonjour.swift; sourceTree = "<group>"; };
		0D18E4261A2D8B1200337D91 /* FramelessSearchBar.swift */ = {isa = PBXFileReference; fileEncoding = 4; lastKnownFileType = sourcecode.swift; path = FramelessSearchBar.swift; sourceTree = "<group>"; };
		0D4915AC1A29031B0018BEC6 /* PortraitOnboardingViewController.swift */ = {isa = PBXFileReference; fileEncoding = 4; lastKnownFileType = sourcecode.swift; path = PortraitOnboardingViewController.swift; sourceTree = "<group>"; };
		0D557D331B7402D3001117E7 /* HistoryManager.swift */ = {isa = PBXFileReference; fileEncoding = 4; lastKnownFileType = sourcecode.swift; path = HistoryManager.swift; sourceTree = "<group>"; };
		0D7AEC701B6C332400C7AFEB /* HistoryEntry.swift */ = {isa = PBXFileReference; fileEncoding = 4; lastKnownFileType = sourcecode.swift; path = HistoryEntry.swift; sourceTree = "<group>"; };
		0D7AEC751B6FFDC700C7AFEB /* HistoryTableViewCell.swift */ = {isa = PBXFileReference; fileEncoding = 4; lastKnownFileType = sourcecode.swift; path = HistoryTableViewCell.swift; sourceTree = "<group>"; };
		0D80914C1B434012009D5562 /* SearchEngine.swift */ = {isa = PBXFileReference; fileEncoding = 4; lastKnownFileType = sourcecode.swift; path = SearchEngine.swift; sourceTree = "<group>"; };
		0D80914E1B43402D009D5562 /* SearchEnginesViewController.swift */ = {isa = PBXFileReference; fileEncoding = 4; lastKnownFileType = sourcecode.swift; path = SearchEnginesViewController.swift; sourceTree = "<group>"; };
		0DA5BB1919FAD10F00B2FDD1 /* Frameless.app */ = {isa = PBXFileReference; explicitFileType = wrapper.application; includeInIndex = 0; path = Frameless.app; sourceTree = BUILT_PRODUCTS_DIR; };
		0DA5BB3119FAD10F00B2FDD1 /* FramelessTests.xctest */ = {isa = PBXFileReference; explicitFileType = wrapper.cfbundle; includeInIndex = 0; path = FramelessTests.xctest; sourceTree = BUILT_PRODUCTS_DIR; };
		0DA5BB4219FAD12800B2FDD1 /* AppDelegate.swift */ = {isa = PBXFileReference; fileEncoding = 4; lastKnownFileType = sourcecode.swift; path = AppDelegate.swift; sourceTree = "<group>"; };
		0DA5BB4619FAD12800B2FDD1 /* Base */ = {isa = PBXFileReference; lastKnownFileType = file.storyboard; name = Base; path = Base.lproj/Main.storyboard; sourceTree = "<group>"; };
		0DA5BB4919FAD12800B2FDD1 /* Images.xcassets */ = {isa = PBXFileReference; lastKnownFileType = folder.assetcatalog; path = Images.xcassets; sourceTree = "<group>"; };
		0DA5BB4A19FAD12800B2FDD1 /* Info.plist */ = {isa = PBXFileReference; fileEncoding = 4; lastKnownFileType = text.plist.xml; path = Info.plist; sourceTree = "<group>"; };
		0DA5BB4E19FAD12800B2FDD1 /* ViewController.swift */ = {isa = PBXFileReference; fileEncoding = 4; lastKnownFileType = sourcecode.swift; path = ViewController.swift; sourceTree = "<group>"; };
		0DA5BB5E19FAD23A00B2FDD1 /* FramelessTests.swift */ = {isa = PBXFileReference; fileEncoding = 4; lastKnownFileType = sourcecode.swift; path = FramelessTests.swift; sourceTree = "<group>"; };
		0DA5BB5F19FAD23A00B2FDD1 /* Info.plist */ = {isa = PBXFileReference; fileEncoding = 4; lastKnownFileType = text.plist.xml; path = Info.plist; sourceTree = "<group>"; };
		0DA5BB6819FC24D500B2FDD1 /* ClearSans-Bold.ttf */ = {isa = PBXFileReference; lastKnownFileType = file; path = "ClearSans-Bold.ttf"; sourceTree = "<group>"; };
		0DA5BB6919FC24D500B2FDD1 /* ClearSans-BoldItalic.ttf */ = {isa = PBXFileReference; lastKnownFileType = file; path = "ClearSans-BoldItalic.ttf"; sourceTree = "<group>"; };
		0DA5BB6A19FC24D500B2FDD1 /* ClearSans-Italic.ttf */ = {isa = PBXFileReference; lastKnownFileType = file; path = "ClearSans-Italic.ttf"; sourceTree = "<group>"; };
		0DA5BB6B19FC24D500B2FDD1 /* ClearSans-Regular.ttf */ = {isa = PBXFileReference; lastKnownFileType = file; path = "ClearSans-Regular.ttf"; sourceTree = "<group>"; };
		0DA5BB7119FC25F000B2FDD1 /* Helpers.swift */ = {isa = PBXFileReference; fileEncoding = 4; lastKnownFileType = sourcecode.swift; path = Helpers.swift; sourceTree = "<group>"; };
		0DA5BB7319FC2E5400B2FDD1 /* Frameless-Bridging-Header.h */ = {isa = PBXFileReference; lastKnownFileType = sourcecode.c.h; path = "Frameless-Bridging-Header.h"; sourceTree = "<group>"; };
		0DA5BB7719FC2EAE00B2FDD1 /* AppearanceBridge.h */ = {isa = PBXFileReference; fileEncoding = 4; lastKnownFileType = sourcecode.c.h; path = AppearanceBridge.h; sourceTree = "<group>"; };
		0DA5BB7819FC2EBF00B2FDD1 /* AppearanceBridge.m */ = {isa = PBXFileReference; fileEncoding = 4; lastKnownFileType = sourcecode.c.objc; path = AppearanceBridge.m; sourceTree = "<group>"; };
		0DA5BB9C19FC7C7000B2FDD1 /* LaunchScreen.xib */ = {isa = PBXFileReference; fileEncoding = 4; lastKnownFileType = file.xib; path = LaunchScreen.xib; sourceTree = "<group>"; };
		0DA5BB9F19FDE2AC00B2FDD1 /* AppDefaults.swift */ = {isa = PBXFileReference; fileEncoding = 4; lastKnownFileType = sourcecode.swift; path = AppDefaults.swift; sourceTree = "<group>"; };
		0DAB64411A09FDD00046287E /* SettingsTableViewController.swift */ = {isa = PBXFileReference; fileEncoding = 4; lastKnownFileType = sourcecode.swift; path = SettingsTableViewController.swift; sourceTree = "<group>"; };
		0DD7EC1B1A72FC0F00BED2DC /* JSSAlertView.swift */ = {isa = PBXFileReference; fileEncoding = 4; lastKnownFileType = sourcecode.swift; path = JSSAlertView.swift; sourceTree = "<group>"; };
		5ABAB4BA5DBE39442812DB61 /* libPods-Frameless.a */ = {isa = PBXFileReference; explicitFileType = archive.ar; includeInIndex = 0; path = "libPods-Frameless.a"; sourceTree = BUILT_PRODUCTS_DIR; };
		5DC7091992089D05BD351118 /* Pods-Frameless.release.xcconfig */ = {isa = PBXFileReference; includeInIndex = 1; lastKnownFileType = text.xcconfig; name = "Pods-Frameless.release.xcconfig"; path = "Pods/Target Support Files/Pods-Frameless/Pods-Frameless.release.xcconfig"; sourceTree = "<group>"; };
		DAC237240666B2261B5088CD /* Pods-Frameless.debug.xcconfig */ = {isa = PBXFileReference; includeInIndex = 1; lastKnownFileType = text.xcconfig; name = "Pods-Frameless.debug.xcconfig"; path = "Pods/Target Support Files/Pods-Frameless/Pods-Frameless.debug.xcconfig"; sourceTree = "<group>"; };
/* End PBXFileReference section */

/* Begin PBXFrameworksBuildPhase section */
		0DA5BB1619FAD10F00B2FDD1 /* Frameworks */ = {
			isa = PBXFrameworksBuildPhase;
			buildActionMask = 2147483647;
			files = (
				4CBAC84B197969C60DC1899B /* libPods-Frameless.a in Frameworks */,
			);
			runOnlyForDeploymentPostprocessing = 0;
		};
		0DA5BB2E19FAD10F00B2FDD1 /* Frameworks */ = {
			isa = PBXFrameworksBuildPhase;
			buildActionMask = 2147483647;
			files = (
			);
			runOnlyForDeploymentPostprocessing = 0;
		};
/* End PBXFrameworksBuildPhase section */

/* Begin PBXGroup section */
		0D7AEC721B6C332800C7AFEB /* models */ = {
			isa = PBXGroup;
			children = (
				0D7AEC701B6C332400C7AFEB /* HistoryEntry.swift */,
			);
			name = models;
			sourceTree = "<group>";
		};
		0D96CEF61AE1CAF5002B16CA /* viewcontrollers */ = {
			isa = PBXGroup;
			children = (
				0D4915AC1A29031B0018BEC6 /* PortraitOnboardingViewController.swift */,
				0DA5BB4E19FAD12800B2FDD1 /* ViewController.swift */,
				0DAB64411A09FDD00046287E /* SettingsTableViewController.swift */,
				0D80914E1B43402D009D5562 /* SearchEnginesViewController.swift */,
			);
			name = viewcontrollers;
			sourceTree = "<group>";
		};
		0D96CEF71AE1CB21002B16CA /* bridging */ = {
			isa = PBXGroup;
			children = (
				0DA5BB7319FC2E5400B2FDD1 /* Frameless-Bridging-Header.h */,
				0DA5BB7719FC2EAE00B2FDD1 /* AppearanceBridge.h */,
				0DA5BB7819FC2EBF00B2FDD1 /* AppearanceBridge.m */,
			);
			name = bridging;
			sourceTree = "<group>";
		};
		0D96CEF81AE1CB30002B16CA /* shared */ = {
			isa = PBXGroup;
			children = (
				0DA5BB9F19FDE2AC00B2FDD1 /* AppDefaults.swift */,
				0D18E4261A2D8B1200337D91 /* FramelessSearchBar.swift */,
				0DA5BB7119FC25F000B2FDD1 /* Helpers.swift */,
				0D0741CC1A366F0800A6D270 /* FramerBonjour.swift */,
				0D80914C1B434012009D5562 /* SearchEngine.swift */,
				0D7AEC751B6FFDC700C7AFEB /* HistoryTableViewCell.swift */,
				0D557D331B7402D3001117E7 /* HistoryManager.swift */,
			);
			name = shared;
			sourceTree = "<group>";
		};
		0D96CEF91AE1CB5B002B16CA /* external */ = {
			isa = PBXGroup;
			children = (
				0DD7EC1B1A72FC0F00BED2DC /* JSSAlertView.swift */,
			);
			name = external;
			sourceTree = "<group>";
		};
		0DA5BB1019FAD10F00B2FDD1 = {
			isa = PBXGroup;
			children = (
				0DA5BB4119FAD12800B2FDD1 /* Frameless */,
				0DA5BB5D19FAD23A00B2FDD1 /* FramelessTests */,
				0DA5BB1A19FAD10F00B2FDD1 /* Products */,
				3D83DA22DB4328DA3FB01C8B /* Pods */,
				3B605A57B8762CE7D092BD2D /* Frameworks */,
			);
			sourceTree = "<group>";
		};
		0DA5BB1A19FAD10F00B2FDD1 /* Products */ = {
			isa = PBXGroup;
			children = (
				0DA5BB1919FAD10F00B2FDD1 /* Frameless.app */,
				0DA5BB3119FAD10F00B2FDD1 /* FramelessTests.xctest */,
			);
			name = Products;
			sourceTree = "<group>";
		};
		0DA5BB4119FAD12800B2FDD1 /* Frameless */ = {
			isa = PBXGroup;
			children = (
				0DA5BB4219FAD12800B2FDD1 /* AppDelegate.swift */,
				0D96CEF71AE1CB21002B16CA /* bridging */,
				0D96CEF91AE1CB5B002B16CA /* external */,
				0D7AEC721B6C332800C7AFEB /* models */,
				0D96CEF81AE1CB30002B16CA /* shared */,
				0D96CEF61AE1CAF5002B16CA /* viewcontrollers */,
				0DA5BB9E19FDE0A800B2FDD1 /* Interface Builder Files */,
				0DA5BB4919FAD12800B2FDD1 /* Images.xcassets */,
				0DA5BB6219FAD36700B2FDD1 /* Supporting Files */,
				0DA5BB7019FC24D900B2FDD1 /* Resources */,
			);
			path = Frameless;
			sourceTree = "<group>";
		};
		0DA5BB5D19FAD23A00B2FDD1 /* FramelessTests */ = {
			isa = PBXGroup;
			children = (
				0DA5BB5E19FAD23A00B2FDD1 /* FramelessTests.swift */,
				0DA5BB5F19FAD23A00B2FDD1 /* Info.plist */,
			);
			path = FramelessTests;
			sourceTree = "<group>";
		};
		0DA5BB6219FAD36700B2FDD1 /* Supporting Files */ = {
			isa = PBXGroup;
			children = (
				0DA5BB4A19FAD12800B2FDD1 /* Info.plist */,
			);
			name = "Supporting Files";
			sourceTree = "<group>";
		};
		0DA5BB7019FC24D900B2FDD1 /* Resources */ = {
			isa = PBXGroup;
			children = (
				0DA5BB6819FC24D500B2FDD1 /* ClearSans-Bold.ttf */,
				0DA5BB6919FC24D500B2FDD1 /* ClearSans-BoldItalic.ttf */,
				0DA5BB6A19FC24D500B2FDD1 /* ClearSans-Italic.ttf */,
				0DA5BB6B19FC24D500B2FDD1 /* ClearSans-Regular.ttf */,
			);
			name = Resources;
			sourceTree = "<group>";
		};
		0DA5BB9E19FDE0A800B2FDD1 /* Interface Builder Files */ = {
			isa = PBXGroup;
			children = (
				0DA5BB4519FAD12800B2FDD1 /* Main.storyboard */,
				0DA5BB9C19FC7C7000B2FDD1 /* LaunchScreen.xib */,
			);
			name = "Interface Builder Files";
			sourceTree = "<group>";
		};
		3B605A57B8762CE7D092BD2D /* Frameworks */ = {
			isa = PBXGroup;
			children = (
				5ABAB4BA5DBE39442812DB61 /* libPods-Frameless.a */,
			);
			name = Frameworks;
			sourceTree = "<group>";
		};
		3D83DA22DB4328DA3FB01C8B /* Pods */ = {
			isa = PBXGroup;
			children = (
				DAC237240666B2261B5088CD /* Pods-Frameless.debug.xcconfig */,
				5DC7091992089D05BD351118 /* Pods-Frameless.release.xcconfig */,
			);
			name = Pods;
			sourceTree = "<group>";
		};
/* End PBXGroup section */

/* Begin PBXNativeTarget section */
		0DA5BB1819FAD10F00B2FDD1 /* Frameless */ = {
			isa = PBXNativeTarget;
			buildConfigurationList = 0DA5BB3B19FAD10F00B2FDD1 /* Build configuration list for PBXNativeTarget "Frameless" */;
			buildPhases = (
				BA63C4565C96101BE553CB64 /* Check Pods Manifest.lock */,
				0DA5BB1519FAD10F00B2FDD1 /* Sources */,
				0DA5BB1619FAD10F00B2FDD1 /* Frameworks */,
				0DA5BB1719FAD10F00B2FDD1 /* Resources */,
				4421BE7D242F700FFF34C41B /* Copy Pods Resources */,
			);
			buildRules = (
			);
			dependencies = (
			);
			name = Frameless;
			productName = Frameless;
			productReference = 0DA5BB1919FAD10F00B2FDD1 /* Frameless.app */;
			productType = "com.apple.product-type.application";
		};
		0DA5BB3019FAD10F00B2FDD1 /* FramelessTests */ = {
			isa = PBXNativeTarget;
			buildConfigurationList = 0DA5BB3E19FAD10F00B2FDD1 /* Build configuration list for PBXNativeTarget "FramelessTests" */;
			buildPhases = (
				0DA5BB2D19FAD10F00B2FDD1 /* Sources */,
				0DA5BB2E19FAD10F00B2FDD1 /* Frameworks */,
				0DA5BB2F19FAD10F00B2FDD1 /* Resources */,
			);
			buildRules = (
			);
			dependencies = (
				0DA5BB3319FAD10F00B2FDD1 /* PBXTargetDependency */,
			);
			name = FramelessTests;
			productName = FramelessTests;
			productReference = 0DA5BB3119FAD10F00B2FDD1 /* FramelessTests.xctest */;
			productType = "com.apple.product-type.bundle.unit-test";
		};
/* End PBXNativeTarget section */

/* Begin PBXProject section */
		0DA5BB1119FAD10F00B2FDD1 /* Project object */ = {
			isa = PBXProject;
			attributes = {
				LastSwiftMigration = 0710;
				LastSwiftUpdateCheck = 0710;
				LastUpgradeCheck = 0710;
				ORGANIZATIONNAME = "Jay Stakelon";
				TargetAttributes = {
					0DA5BB1819FAD10F00B2FDD1 = {
						CreatedOnToolsVersion = 6.1;
						DevelopmentTeam = F725AN38JF;
					};
					0DA5BB3019FAD10F00B2FDD1 = {
						CreatedOnToolsVersion = 6.1;
						DevelopmentTeam = F725AN38JF;
						TestTargetID = 0DA5BB1819FAD10F00B2FDD1;
					};
				};
			};
			buildConfigurationList = 0DA5BB1419FAD10F00B2FDD1 /* Build configuration list for PBXProject "Frameless" */;
			compatibilityVersion = "Xcode 3.2";
			developmentRegion = English;
			hasScannedForEncodings = 0;
			knownRegions = (
				en,
				Base,
			);
			mainGroup = 0DA5BB1019FAD10F00B2FDD1;
			productRefGroup = 0DA5BB1A19FAD10F00B2FDD1 /* Products */;
			projectDirPath = "";
			projectRoot = "";
			targets = (
				0DA5BB1819FAD10F00B2FDD1 /* Frameless */,
				0DA5BB3019FAD10F00B2FDD1 /* FramelessTests */,
			);
		};
/* End PBXProject section */

/* Begin PBXResourcesBuildPhase section */
		0DA5BB1719FAD10F00B2FDD1 /* Resources */ = {
			isa = PBXResourcesBuildPhase;
			buildActionMask = 2147483647;
			files = (
				0DA5BB6C19FC24D500B2FDD1 /* ClearSans-Bold.ttf in Resources */,
				0DA5BB6E19FC24D500B2FDD1 /* ClearSans-Italic.ttf in Resources */,
				0DA5BB5319FAD12800B2FDD1 /* Images.xcassets in Resources */,
				0DA5BB6D19FC24D500B2FDD1 /* ClearSans-BoldItalic.ttf in Resources */,
				0DA5BB5119FAD12800B2FDD1 /* Main.storyboard in Resources */,
				0DA5BB9D19FC7C7000B2FDD1 /* LaunchScreen.xib in Resources */,
				0DA5BB6F19FC24D500B2FDD1 /* ClearSans-Regular.ttf in Resources */,
			);
			runOnlyForDeploymentPostprocessing = 0;
		};
		0DA5BB2F19FAD10F00B2FDD1 /* Resources */ = {
			isa = PBXResourcesBuildPhase;
			buildActionMask = 2147483647;
			files = (
			);
			runOnlyForDeploymentPostprocessing = 0;
		};
/* End PBXResourcesBuildPhase section */

/* Begin PBXShellScriptBuildPhase section */
		4421BE7D242F700FFF34C41B /* Copy Pods Resources */ = {
			isa = PBXShellScriptBuildPhase;
			buildActionMask = 2147483647;
			files = (
			);
			inputPaths = (
			);
			name = "Copy Pods Resources";
			outputPaths = (
			);
			runOnlyForDeploymentPostprocessing = 0;
			shellPath = /bin/sh;
			shellScript = "\"${SRCROOT}/Pods/Target Support Files/Pods-Frameless/Pods-Frameless-resources.sh\"\n";
			showEnvVarsInLog = 0;
		};
		BA63C4565C96101BE553CB64 /* Check Pods Manifest.lock */ = {
			isa = PBXShellScriptBuildPhase;
			buildActionMask = 2147483647;
			files = (
			);
			inputPaths = (
			);
			name = "Check Pods Manifest.lock";
			outputPaths = (
			);
			runOnlyForDeploymentPostprocessing = 0;
			shellPath = /bin/sh;
			shellScript = "diff \"${PODS_ROOT}/../Podfile.lock\" \"${PODS_ROOT}/Manifest.lock\" > /dev/null\nif [[ $? != 0 ]] ; then\n    cat << EOM\nerror: The sandbox is not in sync with the Podfile.lock. Run 'pod install' or update your CocoaPods installation.\nEOM\n    exit 1\nfi\n";
			showEnvVarsInLog = 0;
		};
/* End PBXShellScriptBuildPhase section */

/* Begin PBXSourcesBuildPhase section */
		0DA5BB1519FAD10F00B2FDD1 /* Sources */ = {
			isa = PBXSourcesBuildPhase;
			buildActionMask = 2147483647;
			files = (
				0D4915AD1A29031B0018BEC6 /* PortraitOnboardingViewController.swift in Sources */,
				0D0741CD1A366F0800A6D270 /* FramerBonjour.swift in Sources */,
				0D7AEC761B6FFDC700C7AFEB /* HistoryTableViewCell.swift in Sources */,
				0DA5BBA019FDE2AC00B2FDD1 /* AppDefaults.swift in Sources */,
				0D7AEC711B6C332400C7AFEB /* HistoryEntry.swift in Sources */,
				0DA5BB5719FAD12800B2FDD1 /* ViewController.swift in Sources */,
				0DA5BB4F19FAD12800B2FDD1 /* AppDelegate.swift in Sources */,
				0DA5BB7219FC25F000B2FDD1 /* Helpers.swift in Sources */,
				0DD7EC1C1A72FC0F00BED2DC /* JSSAlertView.swift in Sources */,
				0D557D341B7402D3001117E7 /* HistoryManager.swift in Sources */,
				0DA5BB7919FC2EBF00B2FDD1 /* AppearanceBridge.m in Sources */,
				0D80914F1B43402D009D5562 /* SearchEnginesViewController.swift in Sources */,
				0D80914D1B434012009D5562 /* SearchEngine.swift in Sources */,
				0D18E4271A2D8B1200337D91 /* FramelessSearchBar.swift in Sources */,
				0DAB64421A09FDD00046287E /* SettingsTableViewController.swift in Sources */,
			);
			runOnlyForDeploymentPostprocessing = 0;
		};
		0DA5BB2D19FAD10F00B2FDD1 /* Sources */ = {
			isa = PBXSourcesBuildPhase;
			buildActionMask = 2147483647;
			files = (
				0DA5BB6019FAD23A00B2FDD1 /* FramelessTests.swift in Sources */,
			);
			runOnlyForDeploymentPostprocessing = 0;
		};
/* End PBXSourcesBuildPhase section */

/* Begin PBXTargetDependency section */
		0DA5BB3319FAD10F00B2FDD1 /* PBXTargetDependency */ = {
			isa = PBXTargetDependency;
			target = 0DA5BB1819FAD10F00B2FDD1 /* Frameless */;
			targetProxy = 0DA5BB3219FAD10F00B2FDD1 /* PBXContainerItemProxy */;
		};
/* End PBXTargetDependency section */

/* Begin PBXVariantGroup section */
		0DA5BB4519FAD12800B2FDD1 /* Main.storyboard */ = {
			isa = PBXVariantGroup;
			children = (
				0DA5BB4619FAD12800B2FDD1 /* Base */,
			);
			name = Main.storyboard;
			sourceTree = "<group>";
		};
/* End PBXVariantGroup section */

/* Begin XCBuildConfiguration section */
		0DA5BB3919FAD10F00B2FDD1 /* Debug */ = {
			isa = XCBuildConfiguration;
			buildSettings = {
				ALWAYS_SEARCH_USER_PATHS = NO;
				CLANG_CXX_LANGUAGE_STANDARD = "gnu++0x";
				CLANG_CXX_LIBRARY = "libc++";
				CLANG_ENABLE_MODULES = YES;
				CLANG_ENABLE_OBJC_ARC = YES;
				CLANG_WARN_BOOL_CONVERSION = YES;
				CLANG_WARN_CONSTANT_CONVERSION = YES;
				CLANG_WARN_DIRECT_OBJC_ISA_USAGE = YES_ERROR;
				CLANG_WARN_EMPTY_BODY = YES;
				CLANG_WARN_ENUM_CONVERSION = YES;
				CLANG_WARN_INT_CONVERSION = YES;
				CLANG_WARN_OBJC_ROOT_CLASS = YES_ERROR;
				CLANG_WARN_UNREACHABLE_CODE = YES;
				CLANG_WARN__DUPLICATE_METHOD_MATCH = YES;
				"CODE_SIGN_IDENTITY[sdk=iphoneos*]" = "iPhone Developer";
				COPY_PHASE_STRIP = NO;
				ENABLE_STRICT_OBJC_MSGSEND = YES;
				ENABLE_TESTABILITY = YES;
				GCC_C_LANGUAGE_STANDARD = gnu99;
				GCC_DYNAMIC_NO_PIC = NO;
				GCC_OPTIMIZATION_LEVEL = 0;
				GCC_PREPROCESSOR_DEFINITIONS = (
					"DEBUG=1",
					"$(inherited)",
				);
				GCC_SYMBOLS_PRIVATE_EXTERN = NO;
				GCC_WARN_64_TO_32_BIT_CONVERSION = YES;
				GCC_WARN_ABOUT_RETURN_TYPE = YES_ERROR;
				GCC_WARN_UNDECLARED_SELECTOR = YES;
				GCC_WARN_UNINITIALIZED_AUTOS = YES_AGGRESSIVE;
				GCC_WARN_UNUSED_FUNCTION = YES;
				GCC_WARN_UNUSED_VARIABLE = YES;
				IPHONEOS_DEPLOYMENT_TARGET = 8.0;
				MTL_ENABLE_DEBUG_INFO = YES;
				ONLY_ACTIVE_ARCH = YES;
				SDKROOT = iphoneos;
				SWIFT_OPTIMIZATION_LEVEL = "-Onone";
			};
			name = Debug;
		};
		0DA5BB3A19FAD10F00B2FDD1 /* Release */ = {
			isa = XCBuildConfiguration;
			buildSettings = {
				ALWAYS_SEARCH_USER_PATHS = NO;
				CLANG_CXX_LANGUAGE_STANDARD = "gnu++0x";
				CLANG_CXX_LIBRARY = "libc++";
				CLANG_ENABLE_MODULES = YES;
				CLANG_ENABLE_OBJC_ARC = YES;
				CLANG_WARN_BOOL_CONVERSION = YES;
				CLANG_WARN_CONSTANT_CONVERSION = YES;
				CLANG_WARN_DIRECT_OBJC_ISA_USAGE = YES_ERROR;
				CLANG_WARN_EMPTY_BODY = YES;
				CLANG_WARN_ENUM_CONVERSION = YES;
				CLANG_WARN_INT_CONVERSION = YES;
				CLANG_WARN_OBJC_ROOT_CLASS = YES_ERROR;
				CLANG_WARN_UNREACHABLE_CODE = YES;
				CLANG_WARN__DUPLICATE_METHOD_MATCH = YES;
				"CODE_SIGN_IDENTITY[sdk=iphoneos*]" = "iPhone Developer";
				COPY_PHASE_STRIP = YES;
				ENABLE_NS_ASSERTIONS = NO;
				ENABLE_STRICT_OBJC_MSGSEND = YES;
				GCC_C_LANGUAGE_STANDARD = gnu99;
				GCC_WARN_64_TO_32_BIT_CONVERSION = YES;
				GCC_WARN_ABOUT_RETURN_TYPE = YES_ERROR;
				GCC_WARN_UNDECLARED_SELECTOR = YES;
				GCC_WARN_UNINITIALIZED_AUTOS = YES_AGGRESSIVE;
				GCC_WARN_UNUSED_FUNCTION = YES;
				GCC_WARN_UNUSED_VARIABLE = YES;
				IPHONEOS_DEPLOYMENT_TARGET = 8.0;
				MTL_ENABLE_DEBUG_INFO = NO;
				SDKROOT = iphoneos;
				VALIDATE_PRODUCT = YES;
			};
			name = Release;
		};
		0DA5BB3C19FAD10F00B2FDD1 /* Debug */ = {
			isa = XCBuildConfiguration;
			baseConfigurationReference = DAC237240666B2261B5088CD /* Pods-Frameless.debug.xcconfig */;
			buildSettings = {
				ASSETCATALOG_COMPILER_APPICON_NAME = AppIcon;
				CLANG_ENABLE_MODULES = YES;
				CODE_SIGN_IDENTITY = "iPhone Developer";
				"CODE_SIGN_IDENTITY[sdk=iphoneos*]" = "iPhone Developer";
				INFOPLIST_FILE = Frameless/Info.plist;
				IPHONEOS_DEPLOYMENT_TARGET = 8.0;
				LD_RUNPATH_SEARCH_PATHS = "$(inherited) @executable_path/Frameworks";
				PRODUCT_BUNDLE_IDENTIFIER = "com.stakelon.$(PRODUCT_NAME:rfc1034identifier)";
				PRODUCT_NAME = "$(TARGET_NAME)";
				PROVISIONING_PROFILE = "";
				SWIFT_OBJC_BRIDGING_HEADER = "Frameless/Frameless-Bridging-Header.h";
				SWIFT_OPTIMIZATION_LEVEL = "-Onone";
				TARGETED_DEVICE_FAMILY = "1,2";
			};
			name = Debug;
		};
		0DA5BB3D19FAD10F00B2FDD1 /* Release */ = {
			isa = XCBuildConfiguration;
			baseConfigurationReference = 5DC7091992089D05BD351118 /* Pods-Frameless.release.xcconfig */;
			buildSettings = {
				ASSETCATALOG_COMPILER_APPICON_NAME = AppIcon;
				CLANG_ENABLE_MODULES = YES;
				CODE_SIGN_IDENTITY = "iPhone Developer";
				"CODE_SIGN_IDENTITY[sdk=iphoneos*]" = "iPhone Developer";
				INFOPLIST_FILE = Frameless/Info.plist;
				IPHONEOS_DEPLOYMENT_TARGET = 8.0;
				LD_RUNPATH_SEARCH_PATHS = "$(inherited) @executable_path/Frameworks";
				PRODUCT_BUNDLE_IDENTIFIER = "com.stakelon.$(PRODUCT_NAME:rfc1034identifier)";
				PRODUCT_NAME = "$(TARGET_NAME)";
				PROVISIONING_PROFILE = "";
				SWIFT_OBJC_BRIDGING_HEADER = "Frameless/Frameless-Bridging-Header.h";
				TARGETED_DEVICE_FAMILY = "1,2";
			};
			name = Release;
		};
		0DA5BB3F19FAD10F00B2FDD1 /* Debug */ = {
			isa = XCBuildConfiguration;
			buildSettings = {
				BUNDLE_LOADER = "$(TEST_HOST)";
				FRAMEWORK_SEARCH_PATHS = (
					"$(SDKROOT)/Developer/Library/Frameworks",
					"$(inherited)",
				);
				GCC_PREPROCESSOR_DEFINITIONS = (
					"DEBUG=1",
					"$(inherited)",
				);
				INFOPLIST_FILE = FramelessTests/Info.plist;
				LD_RUNPATH_SEARCH_PATHS = "$(inherited) @executable_path/Frameworks @loader_path/Frameworks";
				PRODUCT_BUNDLE_IDENTIFIER = "com.stakelon.$(PRODUCT_NAME:rfc1034identifier)";
				PRODUCT_NAME = "$(TARGET_NAME)";
				TEST_HOST = "$(BUILT_PRODUCTS_DIR)/Frameless.app/Frameless";
			};
			name = Debug;
		};
		0DA5BB4019FAD10F00B2FDD1 /* Release */ = {
			isa = XCBuildConfiguration;
			buildSettings = {
				BUNDLE_LOADER = "$(TEST_HOST)";
				FRAMEWORK_SEARCH_PATHS = (
					"$(SDKROOT)/Developer/Library/Frameworks",
					"$(inherited)",
				);
				INFOPLIST_FILE = FramelessTests/Info.plist;
				LD_RUNPATH_SEARCH_PATHS = "$(inherited) @executable_path/Frameworks @loader_path/Frameworks";
				PRODUCT_BUNDLE_IDENTIFIER = "com.stakelon.$(PRODUCT_NAME:rfc1034identifier)";
				PRODUCT_NAME = "$(TARGET_NAME)";
				TEST_HOST = "$(BUILT_PRODUCTS_DIR)/Frameless.app/Frameless";
			};
			name = Release;
		};
/* End XCBuildConfiguration section */

/* Begin XCConfigurationList section */
		0DA5BB1419FAD10F00B2FDD1 /* Build configuration list for PBXProject "Frameless" */ = {
			isa = XCConfigurationList;
			buildConfigurations = (
				0DA5BB3919FAD10F00B2FDD1 /* Debug */,
				0DA5BB3A19FAD10F00B2FDD1 /* Release */,
			);
			defaultConfigurationIsVisible = 0;
			defaultConfigurationName = Release;
		};
		0DA5BB3B19FAD10F00B2FDD1 /* Build configuration list for PBXNativeTarget "Frameless" */ = {
			isa = XCConfigurationList;
			buildConfigurations = (
				0DA5BB3C19FAD10F00B2FDD1 /* Debug */,
				0DA5BB3D19FAD10F00B2FDD1 /* Release */,
			);
			defaultConfigurationIsVisible = 0;
			defaultConfigurationName = Release;
		};
		0DA5BB3E19FAD10F00B2FDD1 /* Build configuration list for PBXNativeTarget "FramelessTests" */ = {
			isa = XCConfigurationList;
			buildConfigurations = (
				0DA5BB3F19FAD10F00B2FDD1 /* Debug */,
				0DA5BB4019FAD10F00B2FDD1 /* Release */,
			);
			defaultConfigurationIsVisible = 0;
			defaultConfigurationName = Release;
		};
/* End XCConfigurationList section */
	};
	rootObject = 0DA5BB1119FAD10F00B2FDD1 /* Project object */;
}
